
Microsoft Visual Studio Solution File, Format Version 12.00
# Visual Studio Version 17
VisualStudioVersion = 17.0.31903.59
MinimumVisualStudioVersion = 10.0.40219.1
Project("{9A19103F-16F7-4668-BE54-9A1E7A4F7556}") = "RSystemAssignment", "RSystemAssignment.csproj", "{292F6658-E0ED-47F7-A38E-A819111C3BC5}"
EndProject
Global
	GlobalSection(SolutionConfigurationPlatforms) = preSolution
		Debug|Any CPU = Debug|Any CPU
		Release|Any CPU = Release|Any CPU
	EndGlobalSection
	GlobalSection(ProjectConfigurationPlatforms) = postSolution
		{292F6658-E0ED-47F7-A38E-A819111C3BC5}.Debug|Any CPU.ActiveCfg = Debug|Any CPU
		{292F6658-E0ED-47F7-A38E-A819111C3BC5}.Debug|Any CPU.Build.0 = Debug|Any CPU
		{292F6658-E0ED-47F7-A38E-A819111C3BC5}.Release|Any CPU.ActiveCfg = Release|Any CPU
		{292F6658-E0ED-47F7-A38E-A819111C3BC5}.Release|Any CPU.Build.0 = Release|Any CPU
	EndGlobalSection
	GlobalSection(SolutionProperties) = preSolution
		HideSolutionNode = FALSE
	EndGlobalSection
	GlobalSection(ExtensibilityGlobals) = postSolution
		SolutionGuid = {03C17C58-7B89-42C3-99FD-B37F096A794A}
	EndGlobalSection
EndGlobal
